// !$*UTF8*$!
{
	archiveVersion = 1;
	classes = {
	};
	objectVersion = 46;
	objects = {

/* Begin PBXBuildFile section */
		D59C4F4C1759FF260059D87D /* UIKit.framework in Frameworks */ = {isa = PBXBuildFile; fileRef = D59C4F4B1759FF260059D87D /* UIKit.framework */; };
		D59C4F4E1759FF260059D87D /* Foundation.framework in Frameworks */ = {isa = PBXBuildFile; fileRef = D59C4F4D1759FF260059D87D /* Foundation.framework */; };
		D59C4F501759FF260059D87D /* CoreGraphics.framework in Frameworks */ = {isa = PBXBuildFile; fileRef = D59C4F4F1759FF260059D87D /* CoreGraphics.framework */; };
		D59C4F561759FF260059D87D /* InfoPlist.strings in Resources */ = {isa = PBXBuildFile; fileRef = D59C4F541759FF260059D87D /* InfoPlist.strings */; };
		D59C4F581759FF260059D87D /* main.m in Sources */ = {isa = PBXBuildFile; fileRef = D59C4F571759FF260059D87D /* main.m */; };
		D59C4F5C1759FF260059D87D /* RMPAppDelegate.m in Sources */ = {isa = PBXBuildFile; fileRef = D59C4F5B1759FF260059D87D /* RMPAppDelegate.m */; };
		D59C4F5E1759FF260059D87D /* Default.png in Resources */ = {isa = PBXBuildFile; fileRef = D59C4F5D1759FF260059D87D /* Default.png */; };
		D59C4F601759FF260059D87D /* Default@2x.png in Resources */ = {isa = PBXBuildFile; fileRef = D59C4F5F1759FF260059D87D /* Default@2x.png */; };
		D59C4F621759FF260059D87D /* Default-568h@2x.png in Resources */ = {isa = PBXBuildFile; fileRef = D59C4F611759FF260059D87D /* Default-568h@2x.png */; };
		D59C4F651759FF260059D87D /* RMPSCViewController.m in Sources */ = {isa = PBXBuildFile; fileRef = D59C4F641759FF260059D87D /* RMPSCViewController.m */; };
		D59C4F681759FF260059D87D /* RMPSCViewController.xib in Resources */ = {isa = PBXBuildFile; fileRef = D59C4F661759FF260059D87D /* RMPSCViewController.xib */; };
		D59C4F75175A09070059D87D /* CoreAudio.framework in Frameworks */ = {isa = PBXBuildFile; fileRef = D59C4F74175A09070059D87D /* CoreAudio.framework */; };
		D59C4F77175A09840059D87D /* AudioToolbox.framework in Frameworks */ = {isa = PBXBuildFile; fileRef = D59C4F76175A09840059D87D /* AudioToolbox.framework */; };
		D59C4F79175A09C80059D87D /* CoreMedia.framework in Frameworks */ = {isa = PBXBuildFile; fileRef = D59C4F78175A09C80059D87D /* CoreMedia.framework */; };
		D59C4F7B175A0AC70059D87D /* MediaPlayer.framework in Frameworks */ = {isa = PBXBuildFile; fileRef = D59C4F7A175A0AC70059D87D /* MediaPlayer.framework */; };
		D59C4F7D175A0CD90059D87D /* AVFoundation.framework in Frameworks */ = {isa = PBXBuildFile; fileRef = D59C4F7C175A0CD80059D87D /* AVFoundation.framework */; };
		D59C4F7E175A0D820059D87D /* WaveSampleProvider.h in Sources */ = {isa = PBXBuildFile; fileRef = D59C4F6F175A02E40059D87D /* WaveSampleProvider.h */; };
		D59C4F7F175A0D820059D87D /* WaveSampleProvider.m in Sources */ = {isa = PBXBuildFile; fileRef = D59C4F70175A02E40059D87D /* WaveSampleProvider.m */; settings = {COMPILER_FLAGS = "-fno-objc-arc"; }; };
		D59C4F80175A0D820059D87D /* WaveSampleProviderDelegate.h in Sources */ = {isa = PBXBuildFile; fileRef = D59C4F71175A02E40059D87D /* WaveSampleProviderDelegate.h */; };
		D59C5024175A19F00059D87D /* libJSONKit.a in Frameworks */ = {isa = PBXBuildFile; fileRef = D59C4F97175A16A70059D87D /* libJSONKit.a */; };
		D59C5025175A19F00059D87D /* libOAuth2Client.a in Frameworks */ = {isa = PBXBuildFile; fileRef = D59C4FE7175A16BB0059D87D /* libOAuth2Client.a */; };
		D59C5026175A19F00059D87D /* libOHAttributedLabel.a in Frameworks */ = {isa = PBXBuildFile; fileRef = D59C501A175A16CD0059D87D /* libOHAttributedLabel.a */; };
		D59C5027175A19F00059D87D /* libSoundCloudAPI.a in Frameworks */ = {isa = PBXBuildFile; fileRef = D59C4F90175A16970059D87D /* libSoundCloudAPI.a */; };
		D59C5028175A19F00059D87D /* libSoundCloudUI.a in Frameworks */ = {isa = PBXBuildFile; fileRef = D59C5021175A16F10059D87D /* libSoundCloudUI.a */; };
		D59C502F175A19F00059D87D /* AddressBook.framework in Frameworks */ = {isa = PBXBuildFile; fileRef = D59C5029175A19F00059D87D /* AddressBook.framework */; };
		D59C5030175A19F00059D87D /* AddressBookUI.framework in Frameworks */ = {isa = PBXBuildFile; fileRef = D59C502A175A19F00059D87D /* AddressBookUI.framework */; };
		D59C5031175A19F00059D87D /* CoreLocation.framework in Frameworks */ = {isa = PBXBuildFile; fileRef = D59C502B175A19F00059D87D /* CoreLocation.framework */; };
		D59C5032175A19F00059D87D /* CoreText.framework in Frameworks */ = {isa = PBXBuildFile; fileRef = D59C502C175A19F00059D87D /* CoreText.framework */; };
		D59C5033175A19F00059D87D /* QuartzCore.framework in Frameworks */ = {isa = PBXBuildFile; fileRef = D59C502D175A19F00059D87D /* QuartzCore.framework */; };
		D59C5034175A19F00059D87D /* Security.framework in Frameworks */ = {isa = PBXBuildFile; fileRef = D59C502E175A19F00059D87D /* Security.framework */; };
		D59C5036175A1AAB0059D87D /* SoundCloud.bundle in Resources */ = {isa = PBXBuildFile; fileRef = D59C5035175A1AAB0059D87D /* SoundCloud.bundle */; };
		D5BA8BBA175B47CC009BD0ED /* Loading_item_1.png in Resources */ = {isa = PBXBuildFile; fileRef = D5BA8BB0175B47CC009BD0ED /* Loading_item_1.png */; };
		D5BA8BBB175B47CC009BD0ED /* Loading_item_2.png in Resources */ = {isa = PBXBuildFile; fileRef = D5BA8BB1175B47CC009BD0ED /* Loading_item_2.png */; };
		D5BA8BBC175B47CC009BD0ED /* Loading_item_3.png in Resources */ = {isa = PBXBuildFile; fileRef = D5BA8BB2175B47CC009BD0ED /* Loading_item_3.png */; };
		D5BA8BBD175B47CC009BD0ED /* Loading_item_4.png in Resources */ = {isa = PBXBuildFile; fileRef = D5BA8BB3175B47CC009BD0ED /* Loading_item_4.png */; };
		D5BA8BBE175B47CC009BD0ED /* Loading_item_5.png in Resources */ = {isa = PBXBuildFile; fileRef = D5BA8BB4175B47CC009BD0ED /* Loading_item_5.png */; };
		D5BA8BBF175B47CC009BD0ED /* Loading_item_6.png in Resources */ = {isa = PBXBuildFile; fileRef = D5BA8BB5175B47CC009BD0ED /* Loading_item_6.png */; };
		D5BA8BC0175B47CC009BD0ED /* Loading_item_7.png in Resources */ = {isa = PBXBuildFile; fileRef = D5BA8BB6175B47CC009BD0ED /* Loading_item_7.png */; };
		D5BA8BC1175B47CC009BD0ED /* Loading_item_8.png in Resources */ = {isa = PBXBuildFile; fileRef = D5BA8BB7175B47CC009BD0ED /* Loading_item_8.png */; };
		D5BA8BC2175B47CC009BD0ED /* Loading_item_9.png in Resources */ = {isa = PBXBuildFile; fileRef = D5BA8BB8175B47CC009BD0ED /* Loading_item_9.png */; };
		D5BA8BC3175B47CC009BD0ED /* Loading_item_10.png in Resources */ = {isa = PBXBuildFile; fileRef = D5BA8BB9175B47CC009BD0ED /* Loading_item_10.png */; };
		D5C50917175A5E780073DD3C /* RMPAppController.m in Sources */ = {isa = PBXBuildFile; fileRef = D5C50916175A5E780073DD3C /* RMPAppController.m */; };
		D5C50923175A60200073DD3C /* RMPMenuViewController.m in Sources */ = {isa = PBXBuildFile; fileRef = D5C50922175A60200073DD3C /* RMPMenuViewController.m */; };
		D5C50926175A6AA80073DD3C /* RMPAnalyzerViewController.m in Sources */ = {isa = PBXBuildFile; fileRef = D5C50925175A6AA70073DD3C /* RMPAnalyzerViewController.m */; };
		D5C5096F175AF0AC0073DD3C /* Background_3.png in Resources */ = {isa = PBXBuildFile; fileRef = D5C5095A175AF0AC0073DD3C /* Background_3.png */; };
		D5C50971175AF0AC0073DD3C /* Background1.png in Resources */ = {isa = PBXBuildFile; fileRef = D5C5095C175AF0AC0073DD3C /* Background1.png */; };
		D5C50972175AF0AC0073DD3C /* Background2.png in Resources */ = {isa = PBXBuildFile; fileRef = D5C5095D175AF0AC0073DD3C /* Background2.png */; };
		D5C50973175AF0AC0073DD3C /* Background4.png in Resources */ = {isa = PBXBuildFile; fileRef = D5C5095E175AF0AC0073DD3C /* Background4.png */; };
		D5C5097A175AF0AC0073DD3C /* Eyeem_button.png in Resources */ = {isa = PBXBuildFile; fileRef = D5C50965175AF0AC0073DD3C /* Eyeem_button.png */; };
		D5C5097D175AF0AC0073DD3C /* Music_button.png in Resources */ = {isa = PBXBuildFile; fileRef = D5C50968175AF0AC0073DD3C /* Music_button.png */; };
		D5C5097E175AF0AC0073DD3C /* Play_button.png in Resources */ = {isa = PBXBuildFile; fileRef = D5C50969175AF0AC0073DD3C /* Play_button.png */; };
		D5C5097F175AF0AC0073DD3C /* Proceed_button.png in Resources */ = {isa = PBXBuildFile; fileRef = D5C5096A175AF0AC0073DD3C /* Proceed_button.png */; };
		D5C50988175AF33A0073DD3C /* btton_webview.png in Resources */ = {isa = PBXBuildFile; fileRef = D5C50982175AF33A0073DD3C /* btton_webview.png */; };
		D5C50989175AF33A0073DD3C /* btton_webview@2x.png in Resources */ = {isa = PBXBuildFile; fileRef = D5C50983175AF33A0073DD3C /* btton_webview@2x.png */; };
		D5C5098A175AF33A0073DD3C /* header_webview.png in Resources */ = {isa = PBXBuildFile; fileRef = D5C50984175AF33A0073DD3C /* header_webview.png */; };
		D5C5098B175AF33A0073DD3C /* header_webview@2x.png in Resources */ = {isa = PBXBuildFile; fileRef = D5C50985175AF33A0073DD3C /* header_webview@2x.png */; };
		D5C5098F175B19CC0073DD3C /* RMPSCViewController.xib in Resources */ = {isa = PBXBuildFile; fileRef = D5C5098E175B19CC0073DD3C /* RMPSCViewController.xib */; };
		D5C50991175B216D0073DD3C /* RMPMenuViewController.xib in Resources */ = {isa = PBXBuildFile; fileRef = D5C50990175B216D0073DD3C /* RMPMenuViewController.xib */; };
		D5C50993175B26E90073DD3C /* RMPAnalyzerViewController.xib in Resources */ = {isa = PBXBuildFile; fileRef = D5C50992175B26E80073DD3C /* RMPAnalyzerViewController.xib */; };
		D5F60094175A2004000D537C /* RMPSCTracksViewController.m in Sources */ = {isa = PBXBuildFile; fileRef = D5F60092175A2004000D537C /* RMPSCTracksViewController.m */; };
		D5F60095175A2004000D537C /* RMPSCTracksViewController.xib in Resources */ = {isa = PBXBuildFile; fileRef = D5F60093175A2004000D537C /* RMPSCTracksViewController.xib */; };
		D5F600A5175A3DAF000D537C /* XBOAuthWebViewController.m in Sources */ = {isa = PBXBuildFile; fileRef = D5F600A4175A3DAF000D537C /* XBOAuthWebViewController.m */; };
		D5F600B2175A3F10000D537C /* RMPEYELoginViewController.m in Sources */ = {isa = PBXBuildFile; fileRef = D5F600B0175A3F10000D537C /* RMPEYELoginViewController.m */; };
		D5F600B3175A3F10000D537C /* RMPEYELoginViewController.xib in Resources */ = {isa = PBXBuildFile; fileRef = D5F600B1175A3F10000D537C /* RMPEYELoginViewController.xib */; };
		D5F600C8175A41A7000D537C /* AFHTTPClient.m in Sources */ = {isa = PBXBuildFile; fileRef = D5F600B6175A41A7000D537C /* AFHTTPClient.m */; };
		D5F600C9175A41A7000D537C /* AFHTTPRequestOperation.m in Sources */ = {isa = PBXBuildFile; fileRef = D5F600B8175A41A7000D537C /* AFHTTPRequestOperation.m */; };
		D5F600CA175A41A7000D537C /* AFImageRequestOperation.m in Sources */ = {isa = PBXBuildFile; fileRef = D5F600BA175A41A7000D537C /* AFImageRequestOperation.m */; };
		D5F600CB175A41A7000D537C /* AFJSONRequestOperation.m in Sources */ = {isa = PBXBuildFile; fileRef = D5F600BC175A41A7000D537C /* AFJSONRequestOperation.m */; };
		D5F600CC175A41A7000D537C /* AFNetworkActivityIndicatorManager.m in Sources */ = {isa = PBXBuildFile; fileRef = D5F600BE175A41A7000D537C /* AFNetworkActivityIndicatorManager.m */; };
		D5F600CD175A41A7000D537C /* AFPropertyListRequestOperation.m in Sources */ = {isa = PBXBuildFile; fileRef = D5F600C1175A41A7000D537C /* AFPropertyListRequestOperation.m */; };
		D5F600CE175A41A7000D537C /* AFURLConnectionOperation.m in Sources */ = {isa = PBXBuildFile; fileRef = D5F600C3175A41A7000D537C /* AFURLConnectionOperation.m */; };
		D5F600CF175A41A7000D537C /* AFXMLRequestOperation.m in Sources */ = {isa = PBXBuildFile; fileRef = D5F600C5175A41A7000D537C /* AFXMLRequestOperation.m */; };
		D5F600D0175A41A7000D537C /* UIImageView+AFNetworking.m in Sources */ = {isa = PBXBuildFile; fileRef = D5F600C7175A41A7000D537C /* UIImageView+AFNetworking.m */; };
/* End PBXBuildFile section */

/* Begin PBXContainerItemProxy section */
		D59C4F8D175A16970059D87D /* PBXContainerItemProxy */ = {
			isa = PBXContainerItemProxy;
			containerPortal = D59C4F88175A16960059D87D /* SoundCloudAPI.xcodeproj */;
			proxyType = 2;
			remoteGlobalIDString = 94535F86123FAFDF00BD668A;
			remoteInfo = SoundCloudAPI.framework;
		};
		D59C4F8F175A16970059D87D /* PBXContainerItemProxy */ = {
			isa = PBXContainerItemProxy;
			containerPortal = D59C4F88175A16960059D87D /* SoundCloudAPI.xcodeproj */;
			proxyType = 2;
			remoteGlobalIDString = D2AAC07E0554694100DB518D;
			remoteInfo = SoundCloudAPI;
		};
		D59C4F96175A16A70059D87D /* PBXContainerItemProxy */ = {
			isa = PBXContainerItemProxy;
			containerPortal = D59C4F91175A16A60059D87D /* JSONKit.xcodeproj */;
			proxyType = 2;
			remoteGlobalIDString = F6803523148F6D22008A51BA;
			remoteInfo = libJSONKit;
		};
		D59C4F98175A16A70059D87D /* PBXContainerItemProxy */ = {
			isa = PBXContainerItemProxy;
			containerPortal = D59C4F91175A16A60059D87D /* JSONKit.xcodeproj */;
			proxyType = 2;
			remoteGlobalIDString = F6AE0202148F825C0004909F;
			remoteInfo = JSONKit.framework;
		};
		D59C4FE4175A16BB0059D87D /* PBXContainerItemProxy */ = {
			isa = PBXContainerItemProxy;
			containerPortal = D59C4FDF175A16BA0059D87D /* OAuth2Client.xcodeproj */;
			proxyType = 2;
			remoteGlobalIDString = 942FFCD612315E0A00E6C65E;
			remoteInfo = OAuth2Client.framework;
		};
		D59C4FE6175A16BB0059D87D /* PBXContainerItemProxy */ = {
			isa = PBXContainerItemProxy;
			containerPortal = D59C4FDF175A16BA0059D87D /* OAuth2Client.xcodeproj */;
			proxyType = 2;
			remoteGlobalIDString = D2AAC07E0554694100DB518D;
			remoteInfo = OAuth2Client;
		};
		D59C5019175A16CD0059D87D /* PBXContainerItemProxy */ = {
			isa = PBXContainerItemProxy;
			containerPortal = D59C5015175A16CC0059D87D /* OHAttributedLabel.xcodeproj */;
			proxyType = 2;
			remoteGlobalIDString = F62728FA148F70DF00314599;
			remoteInfo = OHAttributedLabel;
		};
		D59C5020175A16F10059D87D /* PBXContainerItemProxy */ = {
			isa = PBXContainerItemProxy;
			containerPortal = D59C501B175A16F00059D87D /* SoundCloudUI.xcodeproj */;
			proxyType = 2;
			remoteGlobalIDString = F6EF8C6113F929D700B20B40;
			remoteInfo = libSoundCloudUI;
		};
		D59C5022175A16F10059D87D /* PBXContainerItemProxy */ = {
			isa = PBXContainerItemProxy;
			containerPortal = D59C501B175A16F00059D87D /* SoundCloudUI.xcodeproj */;
			proxyType = 2;
			remoteGlobalIDString = F62E0CE5148FB27100BE8F14;
			remoteInfo = SoundCloudUI.framework;
		};
/* End PBXContainerItemProxy section */

/* Begin PBXFileReference section */
		D59C4F481759FF260059D87D /* RhythmMoodPic.app */ = {isa = PBXFileReference; explicitFileType = wrapper.application; includeInIndex = 0; path = RhythmMoodPic.app; sourceTree = BUILT_PRODUCTS_DIR; };
		D59C4F4B1759FF260059D87D /* UIKit.framework */ = {isa = PBXFileReference; lastKnownFileType = wrapper.framework; name = UIKit.framework; path = System/Library/Frameworks/UIKit.framework; sourceTree = SDKROOT; };
		D59C4F4D1759FF260059D87D /* Foundation.framework */ = {isa = PBXFileReference; lastKnownFileType = wrapper.framework; name = Foundation.framework; path = System/Library/Frameworks/Foundation.framework; sourceTree = SDKROOT; };
		D59C4F4F1759FF260059D87D /* CoreGraphics.framework */ = {isa = PBXFileReference; lastKnownFileType = wrapper.framework; name = CoreGraphics.framework; path = System/Library/Frameworks/CoreGraphics.framework; sourceTree = SDKROOT; };
		D59C4F531759FF260059D87D /* RhythmMoodPic-Info.plist */ = {isa = PBXFileReference; lastKnownFileType = text.plist.xml; path = "RhythmMoodPic-Info.plist"; sourceTree = "<group>"; };
		D59C4F551759FF260059D87D /* en */ = {isa = PBXFileReference; lastKnownFileType = text.plist.strings; name = en; path = en.lproj/InfoPlist.strings; sourceTree = "<group>"; };
		D59C4F571759FF260059D87D /* main.m */ = {isa = PBXFileReference; lastKnownFileType = sourcecode.c.objc; path = main.m; sourceTree = "<group>"; };
		D59C4F591759FF260059D87D /* RhythmMoodPic-Prefix.pch */ = {isa = PBXFileReference; lastKnownFileType = sourcecode.c.h; path = "RhythmMoodPic-Prefix.pch"; sourceTree = "<group>"; };
		D59C4F5A1759FF260059D87D /* RMPAppDelegate.h */ = {isa = PBXFileReference; lastKnownFileType = sourcecode.c.h; path = RMPAppDelegate.h; sourceTree = "<group>"; };
		D59C4F5B1759FF260059D87D /* RMPAppDelegate.m */ = {isa = PBXFileReference; lastKnownFileType = sourcecode.c.objc; path = RMPAppDelegate.m; sourceTree = "<group>"; };
		D59C4F5D1759FF260059D87D /* Default.png */ = {isa = PBXFileReference; lastKnownFileType = image.png; path = Default.png; sourceTree = "<group>"; };
		D59C4F5F1759FF260059D87D /* Default@2x.png */ = {isa = PBXFileReference; lastKnownFileType = image.png; path = "Default@2x.png"; sourceTree = "<group>"; };
		D59C4F611759FF260059D87D /* Default-568h@2x.png */ = {isa = PBXFileReference; lastKnownFileType = image.png; path = "Default-568h@2x.png"; sourceTree = "<group>"; };
		D59C4F631759FF260059D87D /* RMPSCViewController.h */ = {isa = PBXFileReference; lastKnownFileType = sourcecode.c.h; path = RMPSCViewController.h; sourceTree = "<group>"; };
		D59C4F641759FF260059D87D /* RMPSCViewController.m */ = {isa = PBXFileReference; lastKnownFileType = sourcecode.c.objc; path = RMPSCViewController.m; sourceTree = "<group>"; };
		D59C4F671759FF260059D87D /* en */ = {isa = PBXFileReference; lastKnownFileType = file.xib; name = en; path = en.lproj/RMPSCViewController.xib; sourceTree = "<group>"; };
		D59C4F6F175A02E40059D87D /* WaveSampleProvider.h */ = {isa = PBXFileReference; lastKnownFileType = sourcecode.c.h; path = WaveSampleProvider.h; sourceTree = "<group>"; };
		D59C4F70175A02E40059D87D /* WaveSampleProvider.m */ = {isa = PBXFileReference; lastKnownFileType = sourcecode.c.objc; path = WaveSampleProvider.m; sourceTree = "<group>"; };
		D59C4F71175A02E40059D87D /* WaveSampleProviderDelegate.h */ = {isa = PBXFileReference; lastKnownFileType = sourcecode.c.h; path = WaveSampleProviderDelegate.h; sourceTree = "<group>"; };
		D59C4F74175A09070059D87D /* CoreAudio.framework */ = {isa = PBXFileReference; lastKnownFileType = wrapper.framework; name = CoreAudio.framework; path = System/Library/Frameworks/CoreAudio.framework; sourceTree = SDKROOT; };
		D59C4F76175A09840059D87D /* AudioToolbox.framework */ = {isa = PBXFileReference; lastKnownFileType = wrapper.framework; name = AudioToolbox.framework; path = System/Library/Frameworks/AudioToolbox.framework; sourceTree = SDKROOT; };
		D59C4F78175A09C80059D87D /* CoreMedia.framework */ = {isa = PBXFileReference; lastKnownFileType = wrapper.framework; name = CoreMedia.framework; path = System/Library/Frameworks/CoreMedia.framework; sourceTree = SDKROOT; };
		D59C4F7A175A0AC70059D87D /* MediaPlayer.framework */ = {isa = PBXFileReference; lastKnownFileType = wrapper.framework; name = MediaPlayer.framework; path = System/Library/Frameworks/MediaPlayer.framework; sourceTree = SDKROOT; };
		D59C4F7C175A0CD80059D87D /* AVFoundation.framework */ = {isa = PBXFileReference; lastKnownFileType = wrapper.framework; name = AVFoundation.framework; path = System/Library/Frameworks/AVFoundation.framework; sourceTree = SDKROOT; };
		D59C4F88175A16960059D87D /* SoundCloudAPI.xcodeproj */ = {isa = PBXFileReference; lastKnownFileType = "wrapper.pb-project"; name = SoundCloudAPI.xcodeproj; path = submodules/CocoaSoundCloudAPI/SoundCloudAPI.xcodeproj; sourceTree = "<group>"; };
		D59C4F91175A16A60059D87D /* JSONKit.xcodeproj */ = {isa = PBXFileReference; lastKnownFileType = "wrapper.pb-project"; name = JSONKit.xcodeproj; path = submodules/JSONKit/JSONKit.xcodeproj; sourceTree = "<group>"; };
		D59C4FDF175A16BA0059D87D /* OAuth2Client.xcodeproj */ = {isa = PBXFileReference; lastKnownFileType = "wrapper.pb-project"; name = OAuth2Client.xcodeproj; path = submodules/OAuth2Client/OAuth2Client.xcodeproj; sourceTree = "<group>"; };
		D59C5015175A16CC0059D87D /* OHAttributedLabel.xcodeproj */ = {isa = PBXFileReference; lastKnownFileType = "wrapper.pb-project"; name = OHAttributedLabel.xcodeproj; path = submodules/OHAttributedLabel/OHAttributedLabel.xcodeproj; sourceTree = "<group>"; };
		D59C501B175A16F00059D87D /* SoundCloudUI.xcodeproj */ = {isa = PBXFileReference; lastKnownFileType = "wrapper.pb-project"; name = SoundCloudUI.xcodeproj; path = submodules/CocoaSoundCloudUI/SoundCloudUI.xcodeproj; sourceTree = "<group>"; };
		D59C5029175A19F00059D87D /* AddressBook.framework */ = {isa = PBXFileReference; lastKnownFileType = wrapper.framework; name = AddressBook.framework; path = System/Library/Frameworks/AddressBook.framework; sourceTree = SDKROOT; };
		D59C502A175A19F00059D87D /* AddressBookUI.framework */ = {isa = PBXFileReference; lastKnownFileType = wrapper.framework; name = AddressBookUI.framework; path = System/Library/Frameworks/AddressBookUI.framework; sourceTree = SDKROOT; };
		D59C502B175A19F00059D87D /* CoreLocation.framework */ = {isa = PBXFileReference; lastKnownFileType = wrapper.framework; name = CoreLocation.framework; path = System/Library/Frameworks/CoreLocation.framework; sourceTree = SDKROOT; };
		D59C502C175A19F00059D87D /* CoreText.framework */ = {isa = PBXFileReference; lastKnownFileType = wrapper.framework; name = CoreText.framework; path = System/Library/Frameworks/CoreText.framework; sourceTree = SDKROOT; };
		D59C502D175A19F00059D87D /* QuartzCore.framework */ = {isa = PBXFileReference; lastKnownFileType = wrapper.framework; name = QuartzCore.framework; path = System/Library/Frameworks/QuartzCore.framework; sourceTree = SDKROOT; };
		D59C502E175A19F00059D87D /* Security.framework */ = {isa = PBXFileReference; lastKnownFileType = wrapper.framework; name = Security.framework; path = System/Library/Frameworks/Security.framework; sourceTree = SDKROOT; };
		D59C5035175A1AAB0059D87D /* SoundCloud.bundle */ = {isa = PBXFileReference; lastKnownFileType = "wrapper.plug-in"; name = SoundCloud.bundle; path = submodules/CocoaSoundCloudUI/SoundCloud.bundle; sourceTree = "<group>"; };
		D5BA8BB0175B47CC009BD0ED /* Loading_item_1.png */ = {isa = PBXFileReference; lastKnownFileType = image.png; name = Loading_item_1.png; path = RhythmMoodPic/Resources/Loading_item_1.png; sourceTree = "<group>"; };
		D5BA8BB1175B47CC009BD0ED /* Loading_item_2.png */ = {isa = PBXFileReference; lastKnownFileType = image.png; name = Loading_item_2.png; path = RhythmMoodPic/Resources/Loading_item_2.png; sourceTree = "<group>"; };
		D5BA8BB2175B47CC009BD0ED /* Loading_item_3.png */ = {isa = PBXFileReference; lastKnownFileType = image.png; name = Loading_item_3.png; path = RhythmMoodPic/Resources/Loading_item_3.png; sourceTree = "<group>"; };
		D5BA8BB3175B47CC009BD0ED /* Loading_item_4.png */ = {isa = PBXFileReference; lastKnownFileType = image.png; name = Loading_item_4.png; path = RhythmMoodPic/Resources/Loading_item_4.png; sourceTree = "<group>"; };
		D5BA8BB4175B47CC009BD0ED /* Loading_item_5.png */ = {isa = PBXFileReference; lastKnownFileType = image.png; name = Loading_item_5.png; path = RhythmMoodPic/Resources/Loading_item_5.png; sourceTree = "<group>"; };
		D5BA8BB5175B47CC009BD0ED /* Loading_item_6.png */ = {isa = PBXFileReference; lastKnownFileType = image.png; name = Loading_item_6.png; path = RhythmMoodPic/Resources/Loading_item_6.png; sourceTree = "<group>"; };
		D5BA8BB6175B47CC009BD0ED /* Loading_item_7.png */ = {isa = PBXFileReference; lastKnownFileType = image.png; name = Loading_item_7.png; path = RhythmMoodPic/Resources/Loading_item_7.png; sourceTree = "<group>"; };
		D5BA8BB7175B47CC009BD0ED /* Loading_item_8.png */ = {isa = PBXFileReference; lastKnownFileType = image.png; name = Loading_item_8.png; path = RhythmMoodPic/Resources/Loading_item_8.png; sourceTree = "<group>"; };
		D5BA8BB8175B47CC009BD0ED /* Loading_item_9.png */ = {isa = PBXFileReference; lastKnownFileType = image.png; name = Loading_item_9.png; path = RhythmMoodPic/Resources/Loading_item_9.png; sourceTree = "<group>"; };
		D5BA8BB9175B47CC009BD0ED /* Loading_item_10.png */ = {isa = PBXFileReference; lastKnownFileType = image.png; name = Loading_item_10.png; path = RhythmMoodPic/Resources/Loading_item_10.png; sourceTree = "<group>"; };
		D5C50915175A5E780073DD3C /* RMPAppController.h */ = {isa = PBXFileReference; fileEncoding = 4; lastKnownFileType = sourcecode.c.h; path = RMPAppController.h; sourceTree = "<group>"; };
		D5C50916175A5E780073DD3C /* RMPAppController.m */ = {isa = PBXFileReference; fileEncoding = 4; lastKnownFileType = sourcecode.c.objc; path = RMPAppController.m; sourceTree = "<group>"; };
		D5C50921175A60200073DD3C /* RMPMenuViewController.h */ = {isa = PBXFileReference; fileEncoding = 4; lastKnownFileType = sourcecode.c.h; path = RMPMenuViewController.h; sourceTree = "<group>"; };
		D5C50922175A60200073DD3C /* RMPMenuViewController.m */ = {isa = PBXFileReference; fileEncoding = 4; lastKnownFileType = sourcecode.c.objc; path = RMPMenuViewController.m; sourceTree = "<group>"; };
		D5C50924175A6AA70073DD3C /* RMPAnalyzerViewController.h */ = {isa = PBXFileReference; fileEncoding = 4; lastKnownFileType = sourcecode.c.h; path = RMPAnalyzerViewController.h; sourceTree = "<group>"; };
		D5C50925175A6AA70073DD3C /* RMPAnalyzerViewController.m */ = {isa = PBXFileReference; fileEncoding = 4; lastKnownFileType = sourcecode.c.objc; path = RMPAnalyzerViewController.m; sourceTree = "<group>"; };
		D5C5095A175AF0AC0073DD3C /* Background_3.png */ = {isa = PBXFileReference; lastKnownFileType = image.png; name = Background_3.png; path = RhythmMoodPic/Resources/Background_3.png; sourceTree = "<group>"; };
		D5C5095C175AF0AC0073DD3C /* Background1.png */ = {isa = PBXFileReference; lastKnownFileType = image.png; name = Background1.png; path = RhythmMoodPic/Resources/Background1.png; sourceTree = "<group>"; };
		D5C5095D175AF0AC0073DD3C /* Background2.png */ = {isa = PBXFileReference; lastKnownFileType = image.png; name = Background2.png; path = RhythmMoodPic/Resources/Background2.png; sourceTree = "<group>"; };
		D5C5095E175AF0AC0073DD3C /* Background4.png */ = {isa = PBXFileReference; lastKnownFileType = image.png; name = Background4.png; path = RhythmMoodPic/Resources/Background4.png; sourceTree = "<group>"; };
		D5C50965175AF0AC0073DD3C /* Eyeem_button.png */ = {isa = PBXFileReference; lastKnownFileType = image.png; name = Eyeem_button.png; path = RhythmMoodPic/Resources/Eyeem_button.png; sourceTree = "<group>"; };
		D5C50968175AF0AC0073DD3C /* Music_button.png */ = {isa = PBXFileReference; lastKnownFileType = image.png; name = Music_button.png; path = RhythmMoodPic/Resources/Music_button.png; sourceTree = "<group>"; };
		D5C50969175AF0AC0073DD3C /* Play_button.png */ = {isa = PBXFileReference; lastKnownFileType = image.png; name = Play_button.png; path = RhythmMoodPic/Resources/Play_button.png; sourceTree = "<group>"; };
		D5C5096A175AF0AC0073DD3C /* Proceed_button.png */ = {isa = PBXFileReference; lastKnownFileType = image.png; name = Proceed_button.png; path = RhythmMoodPic/Resources/Proceed_button.png; sourceTree = "<group>"; };
		D5C50982175AF33A0073DD3C /* btton_webview.png */ = {isa = PBXFileReference; lastKnownFileType = image.png; name = btton_webview.png; path = RhythmMoodPic/Resources/btton_webview.png; sourceTree = "<group>"; };
		D5C50983175AF33A0073DD3C /* btton_webview@2x.png */ = {isa = PBXFileReference; lastKnownFileType = image.png; name = "btton_webview@2x.png"; path = "RhythmMoodPic/Resources/btton_webview@2x.png"; sourceTree = "<group>"; };
		D5C50984175AF33A0073DD3C /* header_webview.png */ = {isa = PBXFileReference; lastKnownFileType = image.png; name = header_webview.png; path = RhythmMoodPic/Resources/header_webview.png; sourceTree = "<group>"; };
		D5C50985175AF33A0073DD3C /* header_webview@2x.png */ = {isa = PBXFileReference; lastKnownFileType = image.png; name = "header_webview@2x.png"; path = "RhythmMoodPic/Resources/header_webview@2x.png"; sourceTree = "<group>"; };
		D5C5098E175B19CC0073DD3C /* RMPSCViewController.xib */ = {isa = PBXFileReference; fileEncoding = 4; lastKnownFileType = file.xib; path = RMPSCViewController.xib; sourceTree = "<group>"; };
		D5C50990175B216D0073DD3C /* RMPMenuViewController.xib */ = {isa = PBXFileReference; fileEncoding = 4; lastKnownFileType = file.xib; path = RMPMenuViewController.xib; sourceTree = "<group>"; };
		D5C50992175B26E80073DD3C /* RMPAnalyzerViewController.xib */ = {isa = PBXFileReference; fileEncoding = 4; lastKnownFileType = file.xib; path = RMPAnalyzerViewController.xib; sourceTree = "<group>"; };
		D5F60091175A2004000D537C /* RMPSCTracksViewController.h */ = {isa = PBXFileReference; fileEncoding = 4; lastKnownFileType = sourcecode.c.h; path = RMPSCTracksViewController.h; sourceTree = "<group>"; };
		D5F60092175A2004000D537C /* RMPSCTracksViewController.m */ = {isa = PBXFileReference; fileEncoding = 4; lastKnownFileType = sourcecode.c.objc; path = RMPSCTracksViewController.m; sourceTree = "<group>"; };
		D5F60093175A2004000D537C /* RMPSCTracksViewController.xib */ = {isa = PBXFileReference; fileEncoding = 4; lastKnownFileType = file.xib; path = RMPSCTracksViewController.xib; sourceTree = "<group>"; };
		D5F600A3175A3DAF000D537C /* XBOAuthWebViewController.h */ = {isa = PBXFileReference; fileEncoding = 4; lastKnownFileType = sourcecode.c.h; path = XBOAuthWebViewController.h; sourceTree = "<group>"; };
		D5F600A4175A3DAF000D537C /* XBOAuthWebViewController.m */ = {isa = PBXFileReference; fileEncoding = 4; lastKnownFileType = sourcecode.c.objc; path = XBOAuthWebViewController.m; sourceTree = "<group>"; };
		D5F600AF175A3F10000D537C /* RMPEYELoginViewController.h */ = {isa = PBXFileReference; fileEncoding = 4; lastKnownFileType = sourcecode.c.h; path = RMPEYELoginViewController.h; sourceTree = "<group>"; };
		D5F600B0175A3F10000D537C /* RMPEYELoginViewController.m */ = {isa = PBXFileReference; fileEncoding = 4; lastKnownFileType = sourcecode.c.objc; path = RMPEYELoginViewController.m; sourceTree = "<group>"; };
		D5F600B1175A3F10000D537C /* RMPEYELoginViewController.xib */ = {isa = PBXFileReference; fileEncoding = 4; lastKnownFileType = file.xib; path = RMPEYELoginViewController.xib; sourceTree = "<group>"; };
		D5F600B5175A41A7000D537C /* AFHTTPClient.h */ = {isa = PBXFileReference; fileEncoding = 4; lastKnownFileType = sourcecode.c.h; path = AFHTTPClient.h; sourceTree = "<group>"; };
		D5F600B6175A41A7000D537C /* AFHTTPClient.m */ = {isa = PBXFileReference; fileEncoding = 4; lastKnownFileType = sourcecode.c.objc; path = AFHTTPClient.m; sourceTree = "<group>"; };
		D5F600B7175A41A7000D537C /* AFHTTPRequestOperation.h */ = {isa = PBXFileReference; fileEncoding = 4; lastKnownFileType = sourcecode.c.h; path = AFHTTPRequestOperation.h; sourceTree = "<group>"; };
		D5F600B8175A41A7000D537C /* AFHTTPRequestOperation.m */ = {isa = PBXFileReference; fileEncoding = 4; lastKnownFileType = sourcecode.c.objc; path = AFHTTPRequestOperation.m; sourceTree = "<group>"; };
		D5F600B9175A41A7000D537C /* AFImageRequestOperation.h */ = {isa = PBXFileReference; fileEncoding = 4; lastKnownFileType = sourcecode.c.h; path = AFImageRequestOperation.h; sourceTree = "<group>"; };
		D5F600BA175A41A7000D537C /* AFImageRequestOperation.m */ = {isa = PBXFileReference; fileEncoding = 4; lastKnownFileType = sourcecode.c.objc; path = AFImageRequestOperation.m; sourceTree = "<group>"; };
		D5F600BB175A41A7000D537C /* AFJSONRequestOperation.h */ = {isa = PBXFileReference; fileEncoding = 4; lastKnownFileType = sourcecode.c.h; path = AFJSONRequestOperation.h; sourceTree = "<group>"; };
		D5F600BC175A41A7000D537C /* AFJSONRequestOperation.m */ = {isa = PBXFileReference; fileEncoding = 4; lastKnownFileType = sourcecode.c.objc; path = AFJSONRequestOperation.m; sourceTree = "<group>"; };
		D5F600BD175A41A7000D537C /* AFNetworkActivityIndicatorManager.h */ = {isa = PBXFileReference; fileEncoding = 4; lastKnownFileType = sourcecode.c.h; path = AFNetworkActivityIndicatorManager.h; sourceTree = "<group>"; };
		D5F600BE175A41A7000D537C /* AFNetworkActivityIndicatorManager.m */ = {isa = PBXFileReference; fileEncoding = 4; lastKnownFileType = sourcecode.c.objc; path = AFNetworkActivityIndicatorManager.m; sourceTree = "<group>"; };
		D5F600BF175A41A7000D537C /* AFNetworking.h */ = {isa = PBXFileReference; fileEncoding = 4; lastKnownFileType = sourcecode.c.h; path = AFNetworking.h; sourceTree = "<group>"; };
		D5F600C0175A41A7000D537C /* AFPropertyListRequestOperation.h */ = {isa = PBXFileReference; fileEncoding = 4; lastKnownFileType = sourcecode.c.h; path = AFPropertyListRequestOperation.h; sourceTree = "<group>"; };
		D5F600C1175A41A7000D537C /* AFPropertyListRequestOperation.m */ = {isa = PBXFileReference; fileEncoding = 4; lastKnownFileType = sourcecode.c.objc; path = AFPropertyListRequestOperation.m; sourceTree = "<group>"; };
		D5F600C2175A41A7000D537C /* AFURLConnectionOperation.h */ = {isa = PBXFileReference; fileEncoding = 4; lastKnownFileType = sourcecode.c.h; path = AFURLConnectionOperation.h; sourceTree = "<group>"; };
		D5F600C3175A41A7000D537C /* AFURLConnectionOperation.m */ = {isa = PBXFileReference; fileEncoding = 4; lastKnownFileType = sourcecode.c.objc; path = AFURLConnectionOperation.m; sourceTree = "<group>"; };
		D5F600C4175A41A7000D537C /* AFXMLRequestOperation.h */ = {isa = PBXFileReference; fileEncoding = 4; lastKnownFileType = sourcecode.c.h; path = AFXMLRequestOperation.h; sourceTree = "<group>"; };
		D5F600C5175A41A7000D537C /* AFXMLRequestOperation.m */ = {isa = PBXFileReference; fileEncoding = 4; lastKnownFileType = sourcecode.c.objc; path = AFXMLRequestOperation.m; sourceTree = "<group>"; };
		D5F600C6175A41A7000D537C /* UIImageView+AFNetworking.h */ = {isa = PBXFileReference; fileEncoding = 4; lastKnownFileType = sourcecode.c.h; path = "UIImageView+AFNetworking.h"; sourceTree = "<group>"; };
		D5F600C7175A41A7000D537C /* UIImageView+AFNetworking.m */ = {isa = PBXFileReference; fileEncoding = 4; lastKnownFileType = sourcecode.c.objc; path = "UIImageView+AFNetworking.m"; sourceTree = "<group>"; };
/* End PBXFileReference section */

/* Begin PBXFrameworksBuildPhase section */
		D59C4F451759FF260059D87D /* Frameworks */ = {
			isa = PBXFrameworksBuildPhase;
			buildActionMask = 2147483647;
			files = (
				D59C502F175A19F00059D87D /* AddressBook.framework in Frameworks */,
				D59C5030175A19F00059D87D /* AddressBookUI.framework in Frameworks */,
				D59C5031175A19F00059D87D /* CoreLocation.framework in Frameworks */,
				D59C5032175A19F00059D87D /* CoreText.framework in Frameworks */,
				D59C5033175A19F00059D87D /* QuartzCore.framework in Frameworks */,
				D59C5034175A19F00059D87D /* Security.framework in Frameworks */,
				D59C5024175A19F00059D87D /* libJSONKit.a in Frameworks */,
				D59C5025175A19F00059D87D /* libOAuth2Client.a in Frameworks */,
				D59C5026175A19F00059D87D /* libOHAttributedLabel.a in Frameworks */,
				D59C5027175A19F00059D87D /* libSoundCloudAPI.a in Frameworks */,
				D59C5028175A19F00059D87D /* libSoundCloudUI.a in Frameworks */,
				D59C4F501759FF260059D87D /* CoreGraphics.framework in Frameworks */,
				D59C4F7D175A0CD90059D87D /* AVFoundation.framework in Frameworks */,
				D59C4F7B175A0AC70059D87D /* MediaPlayer.framework in Frameworks */,
				D59C4F79175A09C80059D87D /* CoreMedia.framework in Frameworks */,
				D59C4F77175A09840059D87D /* AudioToolbox.framework in Frameworks */,
				D59C4F75175A09070059D87D /* CoreAudio.framework in Frameworks */,
				D59C4F4C1759FF260059D87D /* UIKit.framework in Frameworks */,
				D59C4F4E1759FF260059D87D /* Foundation.framework in Frameworks */,
			);
			runOnlyForDeploymentPostprocessing = 0;
		};
/* End PBXFrameworksBuildPhase section */

/* Begin PBXGroup section */
		D59C4F3F1759FF260059D87D = {
			isa = PBXGroup;
			children = (
				D5F600B4175A41A7000D537C /* AFNetworking */,
				D59C501B175A16F00059D87D /* SoundCloudUI.xcodeproj */,
				D59C5015175A16CC0059D87D /* OHAttributedLabel.xcodeproj */,
				D59C4FDF175A16BA0059D87D /* OAuth2Client.xcodeproj */,
				D59C4F91175A16A60059D87D /* JSONKit.xcodeproj */,
				D59C4F88175A16960059D87D /* SoundCloudAPI.xcodeproj */,
				D59C4F511759FF260059D87D /* RhythmMoodPic */,
				D59C5037175A1BE20059D87D /* Resources */,
				D59C4F4A1759FF260059D87D /* Frameworks */,
				D59C4F491759FF260059D87D /* Products */,
			);
			sourceTree = "<group>";
		};
		D59C4F491759FF260059D87D /* Products */ = {
			isa = PBXGroup;
			children = (
				D59C4F481759FF260059D87D /* RhythmMoodPic.app */,
			);
			name = Products;
			sourceTree = "<group>";
		};
		D59C4F4A1759FF260059D87D /* Frameworks */ = {
			isa = PBXGroup;
			children = (
				D59C5029175A19F00059D87D /* AddressBook.framework */,
				D59C502A175A19F00059D87D /* AddressBookUI.framework */,
				D59C502B175A19F00059D87D /* CoreLocation.framework */,
				D59C502C175A19F00059D87D /* CoreText.framework */,
				D59C502D175A19F00059D87D /* QuartzCore.framework */,
				D59C502E175A19F00059D87D /* Security.framework */,
				D59C4F7C175A0CD80059D87D /* AVFoundation.framework */,
				D59C4F7A175A0AC70059D87D /* MediaPlayer.framework */,
				D59C4F78175A09C80059D87D /* CoreMedia.framework */,
				D59C4F76175A09840059D87D /* AudioToolbox.framework */,
				D59C4F74175A09070059D87D /* CoreAudio.framework */,
				D59C4F4B1759FF260059D87D /* UIKit.framework */,
				D59C4F4D1759FF260059D87D /* Foundation.framework */,
				D59C4F4F1759FF260059D87D /* CoreGraphics.framework */,
			);
			name = Frameworks;
			sourceTree = "<group>";
		};
		D59C4F511759FF260059D87D /* RhythmMoodPic */ = {
			isa = PBXGroup;
			children = (
				D59C5038175A1BF60059D87D /* SC */,
				D59C4F6E175A02D40059D87D /* Waveform */,
				D5F600A3175A3DAF000D537C /* XBOAuthWebViewController.h */,
				D5F600A4175A3DAF000D537C /* XBOAuthWebViewController.m */,
				D59C4F5A1759FF260059D87D /* RMPAppDelegate.h */,
				D59C4F5B1759FF260059D87D /* RMPAppDelegate.m */,
				D5C50921175A60200073DD3C /* RMPMenuViewController.h */,
				D5C50922175A60200073DD3C /* RMPMenuViewController.m */,
				D5C50990175B216D0073DD3C /* RMPMenuViewController.xib */,
				D5C50924175A6AA70073DD3C /* RMPAnalyzerViewController.h */,
				D5C50925175A6AA70073DD3C /* RMPAnalyzerViewController.m */,
				D5C50992175B26E80073DD3C /* RMPAnalyzerViewController.xib */,
				D59C4F631759FF260059D87D /* RMPSCViewController.h */,
				D59C4F641759FF260059D87D /* RMPSCViewController.m */,
				D5C5098E175B19CC0073DD3C /* RMPSCViewController.xib */,
				D5F600AF175A3F10000D537C /* RMPEYELoginViewController.h */,
				D5F600B0175A3F10000D537C /* RMPEYELoginViewController.m */,
				D5F600B1175A3F10000D537C /* RMPEYELoginViewController.xib */,
				D59C4F661759FF260059D87D /* RMPSCViewController.xib */,
				D59C4F521759FF260059D87D /* Supporting Files */,
				D5C50915175A5E780073DD3C /* RMPAppController.h */,
				D5C50916175A5E780073DD3C /* RMPAppController.m */,
			);
			path = RhythmMoodPic;
			sourceTree = "<group>";
		};
		D59C4F521759FF260059D87D /* Supporting Files */ = {
			isa = PBXGroup;
			children = (
				D59C4F531759FF260059D87D /* RhythmMoodPic-Info.plist */,
				D59C4F541759FF260059D87D /* InfoPlist.strings */,
				D59C4F571759FF260059D87D /* main.m */,
				D59C4F591759FF260059D87D /* RhythmMoodPic-Prefix.pch */,
				D59C4F5D1759FF260059D87D /* Default.png */,
				D59C4F5F1759FF260059D87D /* Default@2x.png */,
				D59C4F611759FF260059D87D /* Default-568h@2x.png */,
			);
			name = "Supporting Files";
			sourceTree = "<group>";
		};
		D59C4F6E175A02D40059D87D /* Waveform */ = {
			isa = PBXGroup;
			children = (
				D59C4F6F175A02E40059D87D /* WaveSampleProvider.h */,
				D59C4F70175A02E40059D87D /* WaveSampleProvider.m */,
				D59C4F71175A02E40059D87D /* WaveSampleProviderDelegate.h */,
			);
			name = Waveform;
			sourceTree = "<group>";
		};
		D59C4F89175A16960059D87D /* Products */ = {
			isa = PBXGroup;
			children = (
				D59C4F8E175A16970059D87D /* SoundCloudAPI.framework */,
				D59C4F90175A16970059D87D /* libSoundCloudAPI.a */,
			);
			name = Products;
			sourceTree = "<group>";
		};
		D59C4F92175A16A60059D87D /* Products */ = {
			isa = PBXGroup;
			children = (
				D59C4F97175A16A70059D87D /* libJSONKit.a */,
				D59C4F99175A16A70059D87D /* JSONKit.framework */,
			);
			name = Products;
			sourceTree = "<group>";
		};
		D59C4FE0175A16BA0059D87D /* Products */ = {
			isa = PBXGroup;
			children = (
				D59C4FE5175A16BB0059D87D /* OAuth2Client.framework */,
				D59C4FE7175A16BB0059D87D /* libOAuth2Client.a */,
			);
			name = Products;
			sourceTree = "<group>";
		};
		D59C5016175A16CC0059D87D /* Products */ = {
			isa = PBXGroup;
			children = (
				D59C501A175A16CD0059D87D /* libOHAttributedLabel.a */,
			);
			name = Products;
			sourceTree = "<group>";
		};
		D59C501C175A16F00059D87D /* Products */ = {
			isa = PBXGroup;
			children = (
				D59C5021175A16F10059D87D /* libSoundCloudUI.a */,
				D59C5023175A16F10059D87D /* SoundCloudUI.framework */,
			);
			name = Products;
			sourceTree = "<group>";
		};
		D59C5037175A1BE20059D87D /* Resources */ = {
			isa = PBXGroup;
			children = (
				D5BA8BB0175B47CC009BD0ED /* Loading_item_1.png */,
				D5BA8BB1175B47CC009BD0ED /* Loading_item_2.png */,
				D5BA8BB2175B47CC009BD0ED /* Loading_item_3.png */,
				D5BA8BB3175B47CC009BD0ED /* Loading_item_4.png */,
				D5BA8BB4175B47CC009BD0ED /* Loading_item_5.png */,
				D5BA8BB5175B47CC009BD0ED /* Loading_item_6.png */,
				D5BA8BB6175B47CC009BD0ED /* Loading_item_7.png */,
				D5BA8BB7175B47CC009BD0ED /* Loading_item_8.png */,
				D5BA8BB8175B47CC009BD0ED /* Loading_item_9.png */,
				D5BA8BB9175B47CC009BD0ED /* Loading_item_10.png */,
				D5C50982175AF33A0073DD3C /* btton_webview.png */,
				D5C50983175AF33A0073DD3C /* btton_webview@2x.png */,
				D5C50984175AF33A0073DD3C /* header_webview.png */,
				D5C50985175AF33A0073DD3C /* header_webview@2x.png */,
				D5C5095A175AF0AC0073DD3C /* Background_3.png */,
				D5C5095C175AF0AC0073DD3C /* Background1.png */,
				D5C5095D175AF0AC0073DD3C /* Background2.png */,
				D5C5095E175AF0AC0073DD3C /* Background4.png */,
				D5C50965175AF0AC0073DD3C /* Eyeem_button.png */,
				D5C50968175AF0AC0073DD3C /* Music_button.png */,
				D5C50969175AF0AC0073DD3C /* Play_button.png */,
				D5C5096A175AF0AC0073DD3C /* Proceed_button.png */,
				D59C5035175A1AAB0059D87D /* SoundCloud.bundle */,
			);
			name = Resources;
			sourceTree = "<group>";
		};
		D59C5038175A1BF60059D87D /* SC */ = {
			isa = PBXGroup;
			children = (
				D5F60091175A2004000D537C /* RMPSCTracksViewController.h */,
				D5F60092175A2004000D537C /* RMPSCTracksViewController.m */,
				D5F60093175A2004000D537C /* RMPSCTracksViewController.xib */,
			);
			name = SC;
			sourceTree = "<group>";
		};
		D5F600B4175A41A7000D537C /* AFNetworking */ = {
			isa = PBXGroup;
			children = (
				D5F600B5175A41A7000D537C /* AFHTTPClient.h */,
				D5F600B6175A41A7000D537C /* AFHTTPClient.m */,
				D5F600B7175A41A7000D537C /* AFHTTPRequestOperation.h */,
				D5F600B8175A41A7000D537C /* AFHTTPRequestOperation.m */,
				D5F600B9175A41A7000D537C /* AFImageRequestOperation.h */,
				D5F600BA175A41A7000D537C /* AFImageRequestOperation.m */,
				D5F600BB175A41A7000D537C /* AFJSONRequestOperation.h */,
				D5F600BC175A41A7000D537C /* AFJSONRequestOperation.m */,
				D5F600BD175A41A7000D537C /* AFNetworkActivityIndicatorManager.h */,
				D5F600BE175A41A7000D537C /* AFNetworkActivityIndicatorManager.m */,
				D5F600BF175A41A7000D537C /* AFNetworking.h */,
				D5F600C0175A41A7000D537C /* AFPropertyListRequestOperation.h */,
				D5F600C1175A41A7000D537C /* AFPropertyListRequestOperation.m */,
				D5F600C2175A41A7000D537C /* AFURLConnectionOperation.h */,
				D5F600C3175A41A7000D537C /* AFURLConnectionOperation.m */,
				D5F600C4175A41A7000D537C /* AFXMLRequestOperation.h */,
				D5F600C5175A41A7000D537C /* AFXMLRequestOperation.m */,
				D5F600C6175A41A7000D537C /* UIImageView+AFNetworking.h */,
				D5F600C7175A41A7000D537C /* UIImageView+AFNetworking.m */,
			);
			name = AFNetworking;
			path = submodules/AFNetworking/AFNetworking;
			sourceTree = "<group>";
		};
/* End PBXGroup section */

/* Begin PBXNativeTarget section */
		D59C4F471759FF260059D87D /* RhythmMoodPic */ = {
			isa = PBXNativeTarget;
			buildConfigurationList = D59C4F6B1759FF260059D87D /* Build configuration list for PBXNativeTarget "RhythmMoodPic" */;
			buildPhases = (
				D59C4F441759FF260059D87D /* Sources */,
				D59C4F451759FF260059D87D /* Frameworks */,
				D59C4F461759FF260059D87D /* Resources */,
			);
			buildRules = (
			);
			dependencies = (
			);
			name = RhythmMoodPic;
			productName = RhythmMoodPic;
			productReference = D59C4F481759FF260059D87D /* RhythmMoodPic.app */;
			productType = "com.apple.product-type.application";
		};
/* End PBXNativeTarget section */

/* Begin PBXProject section */
		D59C4F401759FF260059D87D /* Project object */ = {
			isa = PBXProject;
			attributes = {
				CLASSPREFIX = RMP;
				LastUpgradeCheck = 0460;
				ORGANIZATIONNAME = eyeem;
			};
			buildConfigurationList = D59C4F431759FF260059D87D /* Build configuration list for PBXProject "RhythmMoodPic" */;
			compatibilityVersion = "Xcode 3.2";
			developmentRegion = English;
			hasScannedForEncodings = 0;
			knownRegions = (
				en,
			);
			mainGroup = D59C4F3F1759FF260059D87D;
			productRefGroup = D59C4F491759FF260059D87D /* Products */;
			projectDirPath = "";
			projectReferences = (
				{
					ProductGroup = D59C4F92175A16A60059D87D /* Products */;
					ProjectRef = D59C4F91175A16A60059D87D /* JSONKit.xcodeproj */;
				},
				{
					ProductGroup = D59C4FE0175A16BA0059D87D /* Products */;
					ProjectRef = D59C4FDF175A16BA0059D87D /* OAuth2Client.xcodeproj */;
				},
				{
					ProductGroup = D59C5016175A16CC0059D87D /* Products */;
					ProjectRef = D59C5015175A16CC0059D87D /* OHAttributedLabel.xcodeproj */;
				},
				{
					ProductGroup = D59C4F89175A16960059D87D /* Products */;
					ProjectRef = D59C4F88175A16960059D87D /* SoundCloudAPI.xcodeproj */;
				},
				{
					ProductGroup = D59C501C175A16F00059D87D /* Products */;
					ProjectRef = D59C501B175A16F00059D87D /* SoundCloudUI.xcodeproj */;
				},
			);
			projectRoot = "";
			targets = (
				D59C4F471759FF260059D87D /* RhythmMoodPic */,
			);
		};
/* End PBXProject section */

/* Begin PBXReferenceProxy section */
		D59C4F8E175A16970059D87D /* SoundCloudAPI.framework */ = {
			isa = PBXReferenceProxy;
			fileType = wrapper.framework;
			path = SoundCloudAPI.framework;
			remoteRef = D59C4F8D175A16970059D87D /* PBXContainerItemProxy */;
			sourceTree = BUILT_PRODUCTS_DIR;
		};
		D59C4F90175A16970059D87D /* libSoundCloudAPI.a */ = {
			isa = PBXReferenceProxy;
			fileType = archive.ar;
			path = libSoundCloudAPI.a;
			remoteRef = D59C4F8F175A16970059D87D /* PBXContainerItemProxy */;
			sourceTree = BUILT_PRODUCTS_DIR;
		};
		D59C4F97175A16A70059D87D /* libJSONKit.a */ = {
			isa = PBXReferenceProxy;
			fileType = archive.ar;
			path = libJSONKit.a;
			remoteRef = D59C4F96175A16A70059D87D /* PBXContainerItemProxy */;
			sourceTree = BUILT_PRODUCTS_DIR;
		};
		D59C4F99175A16A70059D87D /* JSONKit.framework */ = {
			isa = PBXReferenceProxy;
			fileType = wrapper.framework;
			path = JSONKit.framework;
			remoteRef = D59C4F98175A16A70059D87D /* PBXContainerItemProxy */;
			sourceTree = BUILT_PRODUCTS_DIR;
		};
		D59C4FE5175A16BB0059D87D /* OAuth2Client.framework */ = {
			isa = PBXReferenceProxy;
			fileType = wrapper.framework;
			path = OAuth2Client.framework;
			remoteRef = D59C4FE4175A16BB0059D87D /* PBXContainerItemProxy */;
			sourceTree = BUILT_PRODUCTS_DIR;
		};
		D59C4FE7175A16BB0059D87D /* libOAuth2Client.a */ = {
			isa = PBXReferenceProxy;
			fileType = archive.ar;
			path = libOAuth2Client.a;
			remoteRef = D59C4FE6175A16BB0059D87D /* PBXContainerItemProxy */;
			sourceTree = BUILT_PRODUCTS_DIR;
		};
		D59C501A175A16CD0059D87D /* libOHAttributedLabel.a */ = {
			isa = PBXReferenceProxy;
			fileType = archive.ar;
			path = libOHAttributedLabel.a;
			remoteRef = D59C5019175A16CD0059D87D /* PBXContainerItemProxy */;
			sourceTree = BUILT_PRODUCTS_DIR;
		};
		D59C5021175A16F10059D87D /* libSoundCloudUI.a */ = {
			isa = PBXReferenceProxy;
			fileType = archive.ar;
			path = libSoundCloudUI.a;
			remoteRef = D59C5020175A16F10059D87D /* PBXContainerItemProxy */;
			sourceTree = BUILT_PRODUCTS_DIR;
		};
		D59C5023175A16F10059D87D /* SoundCloudUI.framework */ = {
			isa = PBXReferenceProxy;
			fileType = wrapper.framework;
			path = SoundCloudUI.framework;
			remoteRef = D59C5022175A16F10059D87D /* PBXContainerItemProxy */;
			sourceTree = BUILT_PRODUCTS_DIR;
		};
/* End PBXReferenceProxy section */

/* Begin PBXResourcesBuildPhase section */
		D59C4F461759FF260059D87D /* Resources */ = {
			isa = PBXResourcesBuildPhase;
			buildActionMask = 2147483647;
			files = (
				D59C4F561759FF260059D87D /* InfoPlist.strings in Resources */,
				D59C4F5E1759FF260059D87D /* Default.png in Resources */,
				D59C4F601759FF260059D87D /* Default@2x.png in Resources */,
				D59C4F621759FF260059D87D /* Default-568h@2x.png in Resources */,
				D59C4F681759FF260059D87D /* RMPSCViewController.xib in Resources */,
				D59C5036175A1AAB0059D87D /* SoundCloud.bundle in Resources */,
				D5F60095175A2004000D537C /* RMPSCTracksViewController.xib in Resources */,
				D5F600B3175A3F10000D537C /* RMPEYELoginViewController.xib in Resources */,
				D5C5096F175AF0AC0073DD3C /* Background_3.png in Resources */,
				D5C50971175AF0AC0073DD3C /* Background1.png in Resources */,
				D5C50972175AF0AC0073DD3C /* Background2.png in Resources */,
				D5C50973175AF0AC0073DD3C /* Background4.png in Resources */,
				D5C5097A175AF0AC0073DD3C /* Eyeem_button.png in Resources */,
				D5C5097D175AF0AC0073DD3C /* Music_button.png in Resources */,
				D5C5097E175AF0AC0073DD3C /* Play_button.png in Resources */,
				D5C5097F175AF0AC0073DD3C /* Proceed_button.png in Resources */,
				D5C50988175AF33A0073DD3C /* btton_webview.png in Resources */,
				D5C50989175AF33A0073DD3C /* btton_webview@2x.png in Resources */,
				D5C5098A175AF33A0073DD3C /* header_webview.png in Resources */,
				D5C5098B175AF33A0073DD3C /* header_webview@2x.png in Resources */,
				D5C5098F175B19CC0073DD3C /* RMPSCViewController.xib in Resources */,
				D5C50991175B216D0073DD3C /* RMPMenuViewController.xib in Resources */,
				D5C50993175B26E90073DD3C /* RMPAnalyzerViewController.xib in Resources */,
				D5BA8BBA175B47CC009BD0ED /* Loading_item_1.png in Resources */,
				D5BA8BBB175B47CC009BD0ED /* Loading_item_2.png in Resources */,
				D5BA8BBC175B47CC009BD0ED /* Loading_item_3.png in Resources */,
				D5BA8BBD175B47CC009BD0ED /* Loading_item_4.png in Resources */,
				D5BA8BBE175B47CC009BD0ED /* Loading_item_5.png in Resources */,
				D5BA8BBF175B47CC009BD0ED /* Loading_item_6.png in Resources */,
				D5BA8BC0175B47CC009BD0ED /* Loading_item_7.png in Resources */,
				D5BA8BC1175B47CC009BD0ED /* Loading_item_8.png in Resources */,
				D5BA8BC2175B47CC009BD0ED /* Loading_item_9.png in Resources */,
				D5BA8BC3175B47CC009BD0ED /* Loading_item_10.png in Resources */,
			);
			runOnlyForDeploymentPostprocessing = 0;
		};
/* End PBXResourcesBuildPhase section */

/* Begin PBXSourcesBuildPhase section */
		D59C4F441759FF260059D87D /* Sources */ = {
			isa = PBXSourcesBuildPhase;
			buildActionMask = 2147483647;
			files = (
				D59C4F7E175A0D820059D87D /* WaveSampleProvider.h in Sources */,
				D59C4F7F175A0D820059D87D /* WaveSampleProvider.m in Sources */,
				D59C4F80175A0D820059D87D /* WaveSampleProviderDelegate.h in Sources */,
				D59C4F581759FF260059D87D /* main.m in Sources */,
				D59C4F5C1759FF260059D87D /* RMPAppDelegate.m in Sources */,
				D59C4F651759FF260059D87D /* RMPSCViewController.m in Sources */,
				D5F60094175A2004000D537C /* RMPSCTracksViewController.m in Sources */,
				D5F600A5175A3DAF000D537C /* XBOAuthWebViewController.m in Sources */,
				D5F600B2175A3F10000D537C /* RMPEYELoginViewController.m in Sources */,
				D5F600C8175A41A7000D537C /* AFHTTPClient.m in Sources */,
				D5F600C9175A41A7000D537C /* AFHTTPRequestOperation.m in Sources */,
				D5F600CA175A41A7000D537C /* AFImageRequestOperation.m in Sources */,
				D5F600CB175A41A7000D537C /* AFJSONRequestOperation.m in Sources */,
				D5F600CC175A41A7000D537C /* AFNetworkActivityIndicatorManager.m in Sources */,
				D5F600CD175A41A7000D537C /* AFPropertyListRequestOperation.m in Sources */,
				D5F600CE175A41A7000D537C /* AFURLConnectionOperation.m in Sources */,
				D5F600CF175A41A7000D537C /* AFXMLRequestOperation.m in Sources */,
				D5F600D0175A41A7000D537C /* UIImageView+AFNetworking.m in Sources */,
				D5C50917175A5E780073DD3C /* RMPAppController.m in Sources */,
				D5C50923175A60200073DD3C /* RMPMenuViewController.m in Sources */,
				D5C50926175A6AA80073DD3C /* RMPAnalyzerViewController.m in Sources */,
			);
			runOnlyForDeploymentPostprocessing = 0;
		};
/* End PBXSourcesBuildPhase section */

/* Begin PBXVariantGroup section */
		D59C4F541759FF260059D87D /* InfoPlist.strings */ = {
			isa = PBXVariantGroup;
			children = (
				D59C4F551759FF260059D87D /* en */,
			);
			name = InfoPlist.strings;
			sourceTree = "<group>";
		};
		D59C4F661759FF260059D87D /* RMPSCViewController.xib */ = {
			isa = PBXVariantGroup;
			children = (
				D59C4F671759FF260059D87D /* en */,
			);
			name = RMPSCViewController.xib;
			sourceTree = "<group>";
		};
/* End PBXVariantGroup section */

/* Begin XCBuildConfiguration section */
		D59C4F691759FF260059D87D /* Debug */ = {
			isa = XCBuildConfiguration;
			buildSettings = {
				ALWAYS_SEARCH_USER_PATHS = NO;
				CLANG_CXX_LANGUAGE_STANDARD = "gnu++0x";
				CLANG_CXX_LIBRARY = "libc++";
				CLANG_ENABLE_OBJC_ARC = YES;
				CLANG_WARN_CONSTANT_CONVERSION = YES;
				CLANG_WARN_EMPTY_BODY = YES;
				CLANG_WARN_ENUM_CONVERSION = YES;
				CLANG_WARN_INT_CONVERSION = YES;
				CLANG_WARN__DUPLICATE_METHOD_MATCH = YES;
				"CODE_SIGN_IDENTITY[sdk=iphoneos*]" = "iPhone Developer";
				COPY_PHASE_STRIP = NO;
				GCC_C_LANGUAGE_STANDARD = gnu99;
				GCC_DYNAMIC_NO_PIC = NO;
				GCC_OPTIMIZATION_LEVEL = 0;
				GCC_PREPROCESSOR_DEFINITIONS = (
					"DEBUG=1",
					"$(inherited)",
				);
				GCC_SYMBOLS_PRIVATE_EXTERN = NO;
				GCC_WARN_ABOUT_RETURN_TYPE = YES;
				GCC_WARN_UNINITIALIZED_AUTOS = YES;
				GCC_WARN_UNUSED_VARIABLE = YES;
				IPHONEOS_DEPLOYMENT_TARGET = 6.0;
				ONLY_ACTIVE_ARCH = YES;
				SDKROOT = iphoneos;
			};
			name = Debug;
		};
		D59C4F6A1759FF260059D87D /* Release */ = {
			isa = XCBuildConfiguration;
			buildSettings = {
				ALWAYS_SEARCH_USER_PATHS = NO;
				CLANG_CXX_LANGUAGE_STANDARD = "gnu++0x";
				CLANG_CXX_LIBRARY = "libc++";
				CLANG_ENABLE_OBJC_ARC = YES;
				CLANG_WARN_CONSTANT_CONVERSION = YES;
				CLANG_WARN_EMPTY_BODY = YES;
				CLANG_WARN_ENUM_CONVERSION = YES;
				CLANG_WARN_INT_CONVERSION = YES;
				CLANG_WARN__DUPLICATE_METHOD_MATCH = YES;
				"CODE_SIGN_IDENTITY[sdk=iphoneos*]" = "iPhone Developer";
				COPY_PHASE_STRIP = YES;
				GCC_C_LANGUAGE_STANDARD = gnu99;
				GCC_WARN_ABOUT_RETURN_TYPE = YES;
				GCC_WARN_UNINITIALIZED_AUTOS = YES;
				GCC_WARN_UNUSED_VARIABLE = YES;
				IPHONEOS_DEPLOYMENT_TARGET = 6.0;
				OTHER_CFLAGS = "-DNS_BLOCK_ASSERTIONS=1";
				SDKROOT = iphoneos;
				VALIDATE_PRODUCT = YES;
			};
			name = Release;
		};
		D59C4F6C1759FF260059D87D /* Debug */ = {
			isa = XCBuildConfiguration;
			buildSettings = {
				GCC_PRECOMPILE_PREFIX_HEADER = YES;
				GCC_PREFIX_HEADER = "RhythmMoodPic/RhythmMoodPic-Prefix.pch";
				HEADER_SEARCH_PATHS = "$PROJECT_DIR/**";
				INFOPLIST_FILE = "RhythmMoodPic/RhythmMoodPic-Info.plist";
				OTHER_LDFLAGS = (
					"-all_load",
					"-ObjC",
				);
				PRODUCT_NAME = "$(TARGET_NAME)";
				WRAPPER_EXTENSION = app;
			};
			name = Debug;
		};
		D59C4F6D1759FF260059D87D /* Release */ = {
			isa = XCBuildConfiguration;
			buildSettings = {
				GCC_PRECOMPILE_PREFIX_HEADER = YES;
				GCC_PREFIX_HEADER = "RhythmMoodPic/RhythmMoodPic-Prefix.pch";
				HEADER_SEARCH_PATHS = "$PROJECT_DIR/**";
				INFOPLIST_FILE = "RhythmMoodPic/RhythmMoodPic-Info.plist";
				OTHER_LDFLAGS = (
					"-all_load",
					"-ObjC",
				);
				PRODUCT_NAME = "$(TARGET_NAME)";
				WRAPPER_EXTENSION = app;
			};
			name = Release;
		};
/* End XCBuildConfiguration section */

/* Begin XCConfigurationList section */
		D59C4F431759FF260059D87D /* Build configuration list for PBXProject "RhythmMoodPic" */ = {
			isa = XCConfigurationList;
			buildConfigurations = (
				D59C4F691759FF260059D87D /* Debug */,
				D59C4F6A1759FF260059D87D /* Release */,
			);
			defaultConfigurationIsVisible = 0;
			defaultConfigurationName = Release;
		};
		D59C4F6B1759FF260059D87D /* Build configuration list for PBXNativeTarget "RhythmMoodPic" */ = {
			isa = XCConfigurationList;
			buildConfigurations = (
				D59C4F6C1759FF260059D87D /* Debug */,
				D59C4F6D1759FF260059D87D /* Release */,
			);
			defaultConfigurationIsVisible = 0;
			defaultConfigurationName = Release;
		};
/* End XCConfigurationList section */
	};
	rootObject = D59C4F401759FF260059D87D /* Project object */;
}
